
Microsoft Visual Studio Solution File, Format Version 12.00
# Visual Studio Version 17
VisualStudioVersion = 17.5.002.0
MinimumVisualStudioVersion = 10.0.40219.1
Project("{9A19103F-16F7-4668-BE54-9A1E7A4F7556}") = "TodoApi", "TodoApi\TodoApi.csproj", "{187391B2-9A73-442E-B789-0219FDC2B12D}"
EndProject
Global
	GlobalSection(SolutionConfigurationPlatforms) = preSolution
		Debug|Any CPU = Debug|Any CPU
		Release|Any CPU = Release|Any CPU
	EndGlobalSection
	GlobalSection(ProjectConfigurationPlatforms) = postSolution
		{187391B2-9A73-442E-B789-0219FDC2B12D}.Debug|Any CPU.ActiveCfg = Debug|Any CPU
		{187391B2-9A73-442E-B789-0219FDC2B12D}.Debug|Any CPU.Build.0 = Debug|Any CPU
		{187391B2-9A73-442E-B789-0219FDC2B12D}.Release|Any CPU.ActiveCfg = Release|Any CPU
		{187391B2-9A73-442E-B789-0219FDC2B12D}.Release|Any CPU.Build.0 = Release|Any CPU
	EndGlobalSection
	GlobalSection(SolutionProperties) = preSolution
		HideSolutionNode = FALSE
	EndGlobalSection
	GlobalSection(ExtensibilityGlobals) = postSolution
		SolutionGuid = {ABEF48DD-6981-495D-B53D-2160AD9E9935}
	EndGlobalSection
EndGlobal
